{
    "format_version": "0.1",
    "terraform_version": "0.13.7",
    "variables": {
        "account_groups_name": {
            "value": "placeholder"
        },
        "accounts_name": {
            "value": "placeholder"
        },
        "enterprise_account_group_name": {
            "value": "name"
        },
        "enterprise_account_group_parent": {
            "value": "parent"
        },
        "enterprise_account_group_primary_contact_iam_id": {
            "value": "primary_contact_iam_id"
        },
        "enterprise_account_name": {
            "value": "name"
        },
        "enterprise_account_owner_iam_id": {
            "value": "owner_iam_id"
        },
        "enterprise_account_parent": {
            "value": "parent"
        },
        "enterprise_domain": {
            "value": "placeholder"
        },
        "enterprise_name": {
            "value": "name"
        },
        "enterprise_primary_contact_iam_id": {
            "value": "primary_contact_iam_id"
        },
        "enterprise_source_account_id": {
            "value": "source_account_id"
        },
        "enterprises_name": {
            "value": "placeholder"
        },
        "ibmcloud_api_key": {
            "value": ""
        }
    },
    "planned_values": {
        "root_module": {
            "resources": [
                {
                    "address": "ibm_database.new",
                    "mode": "managed",
                    "type": "ibm_database",
                    "name": "new",
                    "provider_name": "registry.terraform.io/ibm-cloud/ibm",
                    "schema_version": 0,
                    "values": {
                        "adminpassword": "password12",
                        "backup_encryption_key_crn": null,
                        "backup_id": null,
                        "configuration": null,
                        "key_protect_instance": null,
                        "key_protect_key": null,
                        "location": "eu-gb",
                        "members_disk_allocation_mb": 61440,
                        "members_memory_allocation_mb": 3072,
                        "name": "nwe",
                        "plan": "standard",
                        "plan_validation": null,
                        "point_in_time_recovery_deployment_id": null,
                        "point_in_time_recovery_time": null,
                        "remote_leader_id": null,
                        "service": "databases-for-etcd",
                        "service_endpoints": "public",
                        "tags": [
                            "tag1",
                            "tag2"
                        ],
                        "timeouts": null,
                        "users": [
                            {
                                "name": "user123",
                                "password": "password12"
                            }
                        ],
                        "whitelist": [
                            {
                                "address": "172.168.1.1/32",
                                "description": "desc"
                            }
                        ]
                    }
                },
                {
                    "address": "ibm_database.node",
                    "mode": "managed",
                    "type": "ibm_database",
                    "name": "node",
                    "provider_name": "registry.terraform.io/ibm-cloud/ibm",
                    "schema_version": 0,
                    "values": {
                        "adminpassword": "password12",
                        "backup_encryption_key_crn": null,
                        "backup_id": null,
                        "configuration": null,
                        "key_protect_instance": null,
                        "key_protect_key": null,
                        "location": "eu-gb",
                        "name": "node",
                        "node_count": 3,
                        "node_disk_allocation_mb": 20480,
                        "node_memory_allocation_mb": 1024,
                        "plan": "standard",
                        "plan_validation": null,
                        "point_in_time_recovery_deployment_id": null,
                        "point_in_time_recovery_time": null,
                        "remote_leader_id": null,
                        "service": "databases-for-postgresql",
                        "service_endpoints": "public",
                        "tags": [
                            "tag1",
                            "tag2"
                        ],
                        "timeouts": null,
                        "users": [
                            {
                                "name": "user123",
                                "password": "password12"
                            }
                        ],
                        "whitelist": [
                            {
                                "address": "172.168.1.1/32",
                                "description": "desc"
                            }
                        ]
                    }
                }
            ]
        }
    },
    "resource_changes": [
        {
            "address": "ibm_database.new",
            "mode": "managed",
            "type": "ibm_database",
            "name": "new",
            "provider_name": "registry.terraform.io/ibm-cloud/ibm",
            "change": {
                "actions": [
                    "create"
                ],
                "before": null,
                "after": {
                    "adminpassword": "password12",
                    "backup_encryption_key_crn": null,
                    "backup_id": null,
                    "configuration": null,
                    "key_protect_instance": null,
                    "key_protect_key": null,
                    "location": "eu-gb",
                    "members_disk_allocation_mb": 61440,
                    "members_memory_allocation_mb": 3072,
                    "name": "nwe",
                    "plan": "standard",
                    "plan_validation": null,
                    "point_in_time_recovery_deployment_id": null,
                    "point_in_time_recovery_time": null,
                    "remote_leader_id": null,
                    "service": "databases-for-etcd",
                    "service_endpoints": "public",
                    "tags": [
                        "tag1",
                        "tag2"
                    ],
                    "timeouts": null,
                    "users": [
                        {
                            "name": "user123",
                            "password": "password12"
                        }
                    ],
                    "whitelist": [
                        {
                            "address": "172.168.1.1/32",
                            "description": "desc"
                        }
                    ]
                },
                "after_unknown": {
                    "adminuser": true,
                    "auto_scaling": true,
                    "configuration_schema": true,
                    "connectionstrings": true,
                    "groups": true,
                    "guid": true,
                    "id": true,
                    "members_cpu_allocation_count": true,
                    "node_count": true,
                    "node_cpu_allocation_count": true,
                    "node_disk_allocation_mb": true,
                    "node_memory_allocation_mb": true,
                    "resource_controller_url": true,
                    "resource_crn": true,
                    "resource_group_id": true,
                    "resource_group_name": true,
                    "resource_name": true,
                    "resource_status": true,
                    "status": true,
                    "tags": [
                        false,
                        false
                    ],
                    "users": [
                        {}
                    ],
                    "version": true,
                    "whitelist": [
                        {}
                    ]
                }
            }
        },
        {
            "address": "ibm_database.node",
            "mode": "managed",
            "type": "ibm_database",
            "name": "node",
            "provider_name": "registry.terraform.io/ibm-cloud/ibm",
            "change": {
                "actions": [
                    "create"
                ],
                "before": null,
                "after": {
                    "adminpassword": "password12",
                    "backup_encryption_key_crn": null,
                    "backup_id": null,
                    "configuration": null,
                    "key_protect_instance": null,
                    "key_protect_key": null,
                    "location": "eu-gb",
                    "name": "node",
                    "node_count": 3,
                    "node_disk_allocation_mb": 20480,
                    "node_memory_allocation_mb": 1024,
                    "node_cpu_allocation_count": 3,
                    "plan": "standard",
                    "plan_validation": null,
                    "point_in_time_recovery_deployment_id": null,
                    "point_in_time_recovery_time": null,
                    "remote_leader_id": null,
                    "service": "databases-for-elasticsearch",
                    "service_endpoints": "public",
                    "tags": [
                        "tag1",
                        "tag2"
                    ],
                    "timeouts": null,
                    "users": [
                        {
                            "name": "user123",
                            "password": "password12"
                        }
                    ],
                    "whitelist": [
                        {
                            "address": "172.168.1.1/32",
                            "description": "desc"
                        }
                    ]
                },
                "after_unknown": {
                    "adminuser": true,
                    "auto_scaling": true,
                    "configuration_schema": true,
                    "connectionstrings": true,
                    "groups": true,
                    "guid": true,
                    "id": true,
                    "members_cpu_allocation_count": true,
                    "members_disk_allocation_mb": true,
                    "members_memory_allocation_mb": true,
                    "node_cpu_allocation_count": true,
                    "resource_controller_url": true,
                    "resource_crn": true,
                    "resource_group_id": true,
                    "resource_group_name": true,
                    "resource_name": true,
                    "resource_status": true,
                    "status": true,
                    "tags": [
                        false,
                        false
                    ],
                    "users": [
                        {}
                    ],
                    "version": true,
                    "whitelist": [
                        {}
                    ]
                }
            }
        },
        {
            "address": "ibm_is_vpc_routing_table.example",
            "mode": "managed",
            "type": "ibm_is_vpc_routing_table",
            "name": "example",
            "provider_name": "registry.terraform.io/ibm-cloud/ibm",
            "change": {
                "actions": [
                    "create"
                ],
                "before": null,
                "after": {
                    "name": "example-routing-table",
                    "route_direct_link_ingress": false,
                    "route_transit_gateway_ingress": false,
                    "route_vpc_zone_ingress": false,
                    "timeouts": null
                },
                "after_unknown": {
                    "created_at": true,
                    "href": true,
                    "id": true,
                    "is_default": true,
                    "lifecycle_state": true,
                    "resource_type": true,
                    "routing_table": true,
                    "subnets": true,
                    "vpc": true
                }
            }
        }
    ],
    "configuration": {
        "provider_config": {
            "ibm": {
                "name": "ibm",
                "expressions": {
                    "ibmcloud_api_key": {
                        "references": [
                            "var.ibmcloud_api_key"
                        ]
                    },
                    "region": {
                        "constant_value": "us-south"
                    }
                }
            }
        },
        "root_module": {
            "resources": [
                {
                    "address": "ibm_database.new",
                    "mode": "managed",
                    "type": "ibm_database",
                    "name": "new",
                    "provider_config_key": "ibm",
                    "expressions": {
                        "adminpassword": {
                            "constant_value": "password12"
                        },
                        "location": {
                            "constant_value": "eu-gb"
                        },
                        "members_disk_allocation_mb": {
                            "constant_value": 61440
                        },
                        "members_memory_allocation_mb": {
                            "constant_value": 3072
                        },
                        "name": {
                            "constant_value": "nwe"
                        },
                        "plan": {
                            "constant_value": "standard"
                        },
                        "service": {
                            "constant_value": "databases-for-etcd"
                        },
                        "tags": {
                            "constant_value": [
                                "tag1",
                                "tag2"
                            ]
                        },
                        "users": [
                            {
                                "name": {
                                    "constant_value": "user123"
                                },
                                "password": {
                                    "constant_value": "password12"
                                }
                            }
                        ],
                        "whitelist": [
                            {
                                "address": {
                                    "constant_value": "172.168.1.1/32"
                                },
                                "description": {
                                    "constant_value": "desc"
                                }
                            }
                        ]
                    },
                    "schema_version": 0
                },
                {
                    "address": "ibm_database.node",
                    "mode": "managed",
                    "type": "ibm_database",
                    "name": "node",
                    "provider_config_key": "ibm",
                    "expressions": {
                        "adminpassword": {
                            "constant_value": "password12"
                        },
                        "location": {
                            "constant_value": "eu-gb"
                        },
                        "name": {
                            "constant_value": "node"
                        },
                        "node_count": {
                            "constant_value": 3
                        },
                        "node_disk_allocation_mb": {
                            "constant_value": 20480
                        },
                        "node_memory_allocation_mb": {
                            "constant_value": 1024
                        },
                        "plan": {
                            "constant_value": "standard"
                        },
                        "service": {
                            "constant_value": "databases-for-postgresql"
                        },
                        "tags": {
                            "constant_value": [
                                "tag1",
                                "tag2"
                            ]
                        },
                        "users": [
                            {
                                "name": {
                                    "constant_value": "user123"
                                },
                                "password": {
                                    "constant_value": "password12"
                                }
                            }
                        ],
                        "whitelist": [
                            {
                                "address": {
                                    "constant_value": "172.168.1.1/32"
                                },
                                "description": {
                                    "constant_value": "desc"
                                }
                            }
                        ]
                    },
                    "schema_version": 0
                }
            ],
            "variables": {
                "account_groups_name": {
                    "default": "placeholder",
                    "description": "The name of the account group."
                },
                "accounts_name": {
                    "default": "placeholder",
                    "description": "The name of the account."
                },
                "enterprise_account_group_name": {
                    "default": "name",
                    "description": "The name of the account group. This field must have 3 - 60 characters."
                },
                "enterprise_account_group_parent": {
                    "default": "parent",
                    "description": "The CRN of the parent under which the account group will be created. The parent can be an existing account group or the enterprise itself."
                },
                "enterprise_account_group_primary_contact_iam_id": {
                    "default": "primary_contact_iam_id",
                    "description": "The IAM ID of the primary contact for this account group, such as `IBMid-0123ABC`. The IAM ID must already exist."
                },
                "enterprise_account_name": {
                    "default": "name",
                    "description": "The name of the account. This field must have 3 - 60 characters."
                },
                "enterprise_account_owner_iam_id": {
                    "default": "owner_iam_id",
                    "description": "The IAM ID of the account owner, such as `IBMid-0123ABC`. The IAM ID must already exist."
                },
                "enterprise_account_parent": {
                    "default": "parent",
                    "description": "The CRN of the parent under which the account will be created. The parent can be an existing account group or the enterprise itself."
                },
                "enterprise_domain": {
                    "default": "placeholder",
                    "description": "A domain or subdomain for the enterprise, such as `example.com` or `my.example.com`."
                },
                "enterprise_name": {
                    "default": "name",
                    "description": "The name of the enterprise. This field must have 3 - 60 characters."
                },
                "enterprise_primary_contact_iam_id": {
                    "default": "primary_contact_iam_id",
                    "description": "The IAM ID of the enterprise primary contact, such as `IBMid-0123ABC`. The IAM ID must already exist."
                },
                "enterprise_source_account_id": {
                    "default": "source_account_id",
                    "description": "The ID of the account that is used to create the enterprise."
                },
                "enterprises_name": {
                    "default": "placeholder",
                    "description": "The name of the enterprise."
                },
                "ibmcloud_api_key": {
                    "description": "IBM Cloud API key"
                }
            }
        }
    }
}