{"format_version":"0.2","terraform_version":"1.0.11","planned_values":{"root_module":{"resources":[{"address":"ibm_is_image.test_is_image1","mode":"managed","type":"ibm_is_image","name":"test_is_image1","provider_name":"registry.terraform.io/ibm-cloud/ibm","schema_version":0,"values":{"href":"cos://us-south/buckettesttest/livecd.ubuntu-cpc.azure.vhd","name":"test-image","operating_system":"ubuntu-16-04-amd64","timeouts":null},"sensitive_values":{"tags":[]}},{"address":"ibm_is_subnet.example","mode":"managed","type":"ibm_is_subnet","name":"example","provider_name":"registry.terraform.io/ibm-cloud/ibm","schema_version":0,"values":{"ipv4_cidr_block":"10.240.0.0/24","name":"example-subnet","public_gateway":null,"timeouts":null,"zone":"us-south-1"},"sensitive_values":{}},{"address":"ibm_is_volume.testacc_volume","mode":"managed","type":"ibm_is_volume","name":"testacc_volume","provider_name":"registry.terraform.io/ibm-cloud/ibm","schema_version":0,"values":{"capacity":100,"name":"test-volume","profile":"10iops-tier","timeouts":null,"zone":"us-south-1"},"sensitive_values":{"tags":[]}},{"address":"ibm_is_vpc.example","mode":"managed","type":"ibm_is_vpc","name":"example","provider_name":"registry.terraform.io/ibm-cloud/ibm","schema_version":0,"values":{"address_prefix_management":"auto","classic_access":false,"is_default":null,"name":"example-vpc","timeouts":null},"sensitive_values":{"cse_source_addresses":[],"security_group":[],"subnets":[],"tags":[]}},{"address":"ibm_is_vpn_gateway.example","mode":"managed","type":"ibm_is_vpn_gateway","name":"example","provider_name":"registry.terraform.io/ibm-cloud/ibm","schema_version":0,"values":{"name":"example-vpn-gateway","timeouts":null},"sensitive_values":{"tags":[]}}]}},"resource_changes":[{"address":"ibm_is_image.test_is_image1","mode":"managed","type":"ibm_is_image","name":"test_is_image1","provider_name":"registry.terraform.io/ibm-cloud/ibm","change":{"actions":["create"],"before":null,"after":{"href":"cos://us-south/buckettesttest/livecd.ubuntu-cpc.azure.vhd","name":"test-image","operating_system":"ubuntu-16-04-amd64","timeouts":null},"after_unknown":{"architecture":true,"file":true,"format":true,"id":true,"resource_controller_url":true,"resource_crn":true,"resource_group":true,"resource_group_name":true,"resource_name":true,"resource_status":true,"size":true,"status":true,"tags":true,"visibility":true},"before_sensitive":false,"after_sensitive":{"tags":[]}}},{"address":"ibm_is_subnet.example","mode":"managed","type":"ibm_is_subnet","name":"example","provider_name":"registry.terraform.io/ibm-cloud/ibm","change":{"actions":["create"],"before":null,"after":{"ipv4_cidr_block":"10.240.0.0/24","name":"example-subnet","public_gateway":null,"timeouts":null,"zone":"us-south-1"},"after_unknown":{"available_ipv4_address_count":true,"id":true,"ipv6_cidr_block":true,"network_acl":true,"resource_controller_url":true,"resource_crn":true,"resource_group":true,"resource_group_name":true,"resource_name":true,"resource_status":true,"status":true,"total_ipv4_address_count":true,"vpc":true},"before_sensitive":false,"after_sensitive":{}}},{"address":"ibm_is_volume.testacc_volume","mode":"managed","type":"ibm_is_volume","name":"testacc_volume","provider_name":"registry.terraform.io/ibm-cloud/ibm","change":{"actions":["create"],"before":null,"after":{"capacity":100,"name":"test-volume","profile":"10iops-tier","timeouts":null,"zone":"us-south-1"},"after_unknown":{"crn":true,"encryption_key":true,"id":true,"iops":true,"resource_controller_url":true,"resource_crn":true,"resource_group":true,"resource_group_name":true,"resource_name":true,"resource_status":true,"status":true,"tags":true},"before_sensitive":false,"after_sensitive":{"tags":[]}}},{"address":"ibm_is_vpc.example","mode":"managed","type":"ibm_is_vpc","name":"example","provider_name":"registry.terraform.io/ibm-cloud/ibm","change":{"actions":["create"],"before":null,"after":{"address_prefix_management":"auto","classic_access":false,"is_default":null,"name":"example-vpc","timeouts":null},"after_unknown":{"crn":true,"cse_source_addresses":true,"default_network_acl":true,"default_security_group":true,"id":true,"resource_controller_url":true,"resource_crn":true,"resource_group":true,"resource_group_name":true,"resource_name":true,"resource_status":true,"security_group":true,"status":true,"subnets":true,"tags":true},"before_sensitive":false,"after_sensitive":{"cse_source_addresses":[],"security_group":[],"subnets":[],"tags":[]}}},{"address":"ibm_is_vpn_gateway.example","mode":"managed","type":"ibm_is_vpn_gateway","name":"example","provider_name":"registry.terraform.io/ibm-cloud/ibm","change":{"actions":["create"],"before":null,"after":{"name":"example-vpn-gateway","timeouts":null},"after_unknown":{"id":true,"public_ip_address":true,"resource_controller_url":true,"resource_crn":true,"resource_group":true,"resource_group_name":true,"resource_name":true,"resource_status":true,"status":true,"subnet":true,"tags":true},"before_sensitive":false,"after_sensitive":{"tags":[]}}}],"configuration":{"provider_config":{"ibm":{"name":"ibm","version_constraint":"~\u003e 1.12.0","expressions":{"region":{"constant_value":"us-south"}}}},"root_module":{"resources":[{"address":"ibm_is_image.test_is_image1","mode":"managed","type":"ibm_is_image","name":"test_is_image1","provider_config_key":"ibm","expressions":{"href":{"constant_value":"cos://us-south/buckettesttest/livecd.ubuntu-cpc.azure.vhd"},"name":{"constant_value":"test-image"},"operating_system":{"constant_value":"ubuntu-16-04-amd64"}},"schema_version":0},{"address":"ibm_is_subnet.example","mode":"managed","type":"ibm_is_subnet","name":"example","provider_config_key":"ibm","expressions":{"ipv4_cidr_block":{"constant_value":"10.240.0.0/24"},"name":{"constant_value":"example-subnet"},"vpc":{"references":["ibm_is_vpc.example.id","ibm_is_vpc.example"]},"zone":{"constant_value":"us-south-1"}},"schema_version":0},{"address":"ibm_is_volume.testacc_volume","mode":"managed","type":"ibm_is_volume","name":"testacc_volume","provider_config_key":"ibm","expressions":{"name":{"constant_value":"test-volume"},"profile":{"constant_value":"10iops-tier"},"zone":{"constant_value":"us-south-1"}},"schema_version":0},{"address":"ibm_is_vpc.example","mode":"managed","type":"ibm_is_vpc","name":"example","provider_config_key":"ibm","expressions":{"name":{"constant_value":"example-vpc"}},"schema_version":0},{"address":"ibm_is_vpn_gateway.example","mode":"managed","type":"ibm_is_vpn_gateway","name":"example","provider_config_key":"ibm","expressions":{"name":{"constant_value":"example-vpn-gateway"},"subnet":{"references":["ibm_is_subnet.example.id","ibm_is_subnet.example"]}},"schema_version":0}]}}}
